
Microsoft Visual Studio Solution File, Format Version 12.00
# Visual Studio 15
VisualStudioVersion = 15.0.28307.852
MinimumVisualStudioVersion = 10.0.40219.1
Project("{FAE04EC0-301F-11D3-BF4B-00C04F79EFBC}") = "String_manipulation", "String_manipulation\String_manipulation.csproj", "{4D1047F6-B6BD-455E-93D1-2E87701D2D79}"
EndProject
Global
	GlobalSection(SolutionConfigurationPlatforms) = preSolution
		Debug|Any CPU = Debug|Any CPU
		Release|Any CPU = Release|Any CPU
	EndGlobalSection
	GlobalSection(ProjectConfigurationPlatforms) = postSolution
		{4D1047F6-B6BD-455E-93D1-2E87701D2D79}.Debug|Any CPU.ActiveCfg = Debug|Any CPU
		{4D1047F6-B6BD-455E-93D1-2E87701D2D79}.Debug|Any CPU.Build.0 = Debug|Any CPU
		{4D1047F6-B6BD-455E-93D1-2E87701D2D79}.Release|Any CPU.ActiveCfg = Release|Any CPU
		{4D1047F6-B6BD-455E-93D1-2E87701D2D79}.Release|Any CPU.Build.0 = Release|Any CPU
	EndGlobalSection
	GlobalSection(SolutionProperties) = preSolution
		HideSolutionNode = FALSE
	EndGlobalSection
	GlobalSection(ExtensibilityGlobals) = postSolution
		SolutionGuid = {D95DDF11-CBA2-44F7-9D4B-EDB98C44905B}
	EndGlobalSection
EndGlobal
